{
  "name": "wavefront-lambda",
  "version": "0.9.0",
  "lockfileVersion": 1,
  "requires": true,
  "dependencies": {
    "events": {
      "version": "2.1.0",
      "resolved": "https://registry.npmjs.org/events/-/events-2.1.0.tgz",
      "integrity": "sha512-3Zmiobend8P9DjmKAty0Era4jV8oJ0yGYe2nJJAxgymF9+N8F2m0hhZiMoWtcfepExzNKZumFU3ksdQbInGWCg=="
    },
    "metrics": {
      "version": "0.1.16",
      "resolved": "https://registry.npmjs.org/metrics/-/metrics-0.1.16.tgz",
      "integrity": "sha512-8rqaGV0cI/DgbIPDq2t+qE0ifvu+T9hxjQdaqzdJwCD8bvxiGHhx0gr6Vm/MDPxP9fZSSw+GdfuBmvQcl2Zl1g==",
      "requires": {
        "events": "^2.0.0"
      }
    },
    "wavefrontmetrics": {
      "version": "1.0.1",
      "resolved": "https://registry.npmjs.org/wavefrontmetrics/-/wavefrontmetrics-1.0.1.tgz",
      "integrity": "sha512-O6/menw7arrr5/v0ZkqlNrDR/r4wKgb6qx9t6BrPXaY72iHUtnze3YuRAHHgyX8BU7BYCmFxjuLX25vXuodQCA==",
      "requires": {
        "metrics": "^0.1.11"
      }
    }
  }
}
