{
  "name": "wavefront-lambda",
  "version": "0.9.1",
  "lockfileVersion": 1,
  "requires": true,
  "dependencies": {
    "events": {
      "version": "2.1.0",
      "resolved": "https://registry.npmjs.org/events/-/events-2.1.0.tgz",
      "integrity": "sha512-3Zmiobend8P9DjmKAty0Era4jV8oJ0yGYe2nJJAxgymF9+N8F2m0hhZiMoWtcfepExzNKZumFU3ksdQbInGWCg=="
    },
    "lru-cache": {
      "version": "6.0.0",
      "resolved": "https://registry.npmjs.org/lru-cache/-/lru-cache-6.0.0.tgz",
      "integrity": "sha512-Jo6dJ04CmSjuznwJSS3pUeWmd/H0ffTlkXXgwZi+eq1UCmqQwCh+eLsYOYCwY991i2Fah4h1BEMCx4qThGbsiA==",
      "requires": {
        "yallist": "^4.0.0"
      }
    },
    "metrics": {
      "version": "0.1.16",
      "resolved": "https://registry.npmjs.org/metrics/-/metrics-0.1.16.tgz",
      "integrity": "sha512-8rqaGV0cI/DgbIPDq2t+qE0ifvu+T9hxjQdaqzdJwCD8bvxiGHhx0gr6Vm/MDPxP9fZSSw+GdfuBmvQcl2Zl1g==",
      "requires": {
        "events": "^2.0.0"
      }
    },
    "semver": {
      "version": "7.5.2",
      "resolved": "https://registry.npmjs.org/semver/-/semver-7.5.2.tgz",
      "integrity": "sha512-SoftuTROv/cRjCze/scjGyiDtcUyxw1rgYQSZY7XTmtR5hX+dm76iDbTH8TkLPHCQmlbQVSSbNZCPM2hb0knnQ==",
      "requires": {
        "lru-cache": "^6.0.0"
      }
    },
    "wavefrontmetrics": {
      "version": "1.0.1",
      "resolved": "https://registry.npmjs.org/wavefrontmetrics/-/wavefrontmetrics-1.0.1.tgz",
      "integrity": "sha512-O6/menw7arrr5/v0ZkqlNrDR/r4wKgb6qx9t6BrPXaY72iHUtnze3YuRAHHgyX8BU7BYCmFxjuLX25vXuodQCA==",
      "requires": {
        "metrics": "^0.1.11"
      }
    },
    "yallist": {
      "version": "4.0.0",
      "resolved": "https://registry.npmjs.org/yallist/-/yallist-4.0.0.tgz",
      "integrity": "sha512-3wdGidZyq5PB084XLES5TpOSRA3wjXAlIWMhum2kRcv/41Sn2emQ0dycQW4uZXLejwKvg6EsvbdlVL+FYEct7A=="
    }
  }
}
